{
  "sources": {
    "build-essential": {
      "locked_version": "1.4.2"
    },
    "curl": {
      "locked_version": "1.1.0"
    },
    "apt": {
      "locked_version": "2.3.0"
    },
    "git": {
      "locked_version": "2.7.0"
    },
    "nginx": {
      "locked_version": "2.0.0"
    },
    "rvm_req": {
      "path": "./cookbooks/rvm_req"
    },
    "dmg": {
      "locked_version": "2.0.4"
    },
    "yum": {
      "locked_version": "2.3.4"
    },
    "windows": {
      "locked_version": "1.11.0"
    },
    "chef_handler": {
      "locked_version": "1.1.4"
    },
    "runit": {
      "locked_version": "1.3.0"
    },
    "bluepill": {
      "locked_version": "2.3.0"
    },
    "rsyslog": {
      "locked_version": "1.9.0"
    },
    "ohai": {
      "locked_version": "1.1.12"
    }
  }
}
